
Microsoft Visual Studio Solution File, Format Version 12.00
# Visual Studio Version 16
VisualStudioVersion = 16.0.30717.126
MinimumVisualStudioVersion = 10.0.40219.1
Project("{FAE04EC0-301F-11D3-BF4B-00C04F79EFBC}") = "GraduatesProgramme.CSharpLinq", "GraduatesProgramme.CSharpLinq\GraduatesProgramme.CSharpLinq.csproj", "{0DC09CB9-4737-4BE9-896D-F3305F70A9E8}"
EndProject
Global
	GlobalSection(SolutionConfigurationPlatforms) = preSolution
		Debug|Any CPU = Debug|Any CPU
		Release|Any CPU = Release|Any CPU
	EndGlobalSection
	GlobalSection(ProjectConfigurationPlatforms) = postSolution
		{0DC09CB9-4737-4BE9-896D-F3305F70A9E8}.Debug|Any CPU.ActiveCfg = Debug|Any CPU
		{0DC09CB9-4737-4BE9-896D-F3305F70A9E8}.Debug|Any CPU.Build.0 = Debug|Any CPU
		{0DC09CB9-4737-4BE9-896D-F3305F70A9E8}.Release|Any CPU.ActiveCfg = Release|Any CPU
		{0DC09CB9-4737-4BE9-896D-F3305F70A9E8}.Release|Any CPU.Build.0 = Release|Any CPU
	EndGlobalSection
	GlobalSection(SolutionProperties) = preSolution
		HideSolutionNode = FALSE
	EndGlobalSection
	GlobalSection(ExtensibilityGlobals) = postSolution
		SolutionGuid = {B922360B-01A9-4942-B45D-008C699FAAD3}
	EndGlobalSection
EndGlobal
